
Microsoft Visual Studio Solution File, Format Version 12.00
# Visual Studio Version 17
VisualStudioVersion = 17.13.35919.96 d17.13
MinimumVisualStudioVersion = 10.0.40219.1
Project("{FAE04EC0-301F-11D3-BF4B-00C04F79EFBC}") = "Maui_ChartTooltip", "Maui_ChartTooltip\Maui_ChartTooltip.csproj", "{D98110D2-6A26-4187-B870-7F2E0BDCF46C}"
EndProject
Global
	GlobalSection(SolutionConfigurationPlatforms) = preSolution
		Debug|Any CPU = Debug|Any CPU
		Release|Any CPU = Release|Any CPU
	EndGlobalSection
	GlobalSection(ProjectConfigurationPlatforms) = postSolution
		{D98110D2-6A26-4187-B870-7F2E0BDCF46C}.Debug|Any CPU.ActiveCfg = Debug|Any CPU
		{D98110D2-6A26-4187-B870-7F2E0BDCF46C}.Debug|Any CPU.Build.0 = Debug|Any CPU
		{D98110D2-6A26-4187-B870-7F2E0BDCF46C}.Release|Any CPU.ActiveCfg = Release|Any CPU
		{D98110D2-6A26-4187-B870-7F2E0BDCF46C}.Release|Any CPU.Build.0 = Release|Any CPU
	EndGlobalSection
	GlobalSection(SolutionProperties) = preSolution
		HideSolutionNode = FALSE
	EndGlobalSection
	GlobalSection(ExtensibilityGlobals) = postSolution
		SolutionGuid = {E8A59F04-6EEF-42F7-AAC8-EA312C15238F}
	EndGlobalSection
EndGlobal
